
Microsoft Visual Studio Solution File, Format Version 12.00
# Visual Studio Version 16
VisualStudioVersion = 16.0.31321.278
MinimumVisualStudioVersion = 10.0.40219.1
Project("{FAE04EC0-301F-11D3-BF4B-00C04F79EFBC}") = "Big_Pack", "Big_Pack.csproj", "{33EDBD0B-CA1F-42BE-8F4F-321D9B9BB69F}"
EndProject
Global
	GlobalSection(SolutionConfigurationPlatforms) = preSolution
		Debug|Any CPU = Debug|Any CPU
		Release|Any CPU = Release|Any CPU
	EndGlobalSection
	GlobalSection(ProjectConfigurationPlatforms) = postSolution
		{33EDBD0B-CA1F-42BE-8F4F-321D9B9BB69F}.Debug|Any CPU.ActiveCfg = Debug|Any CPU
		{33EDBD0B-CA1F-42BE-8F4F-321D9B9BB69F}.Debug|Any CPU.Build.0 = Debug|Any CPU
		{33EDBD0B-CA1F-42BE-8F4F-321D9B9BB69F}.Release|Any CPU.ActiveCfg = Release|Any CPU
		{33EDBD0B-CA1F-42BE-8F4F-321D9B9BB69F}.Release|Any CPU.Build.0 = Release|Any CPU
	EndGlobalSection
	GlobalSection(SolutionProperties) = preSolution
		HideSolutionNode = FALSE
	EndGlobalSection
	GlobalSection(ExtensibilityGlobals) = postSolution
		SolutionGuid = {9D60DDA8-154C-4971-A58E-E6A708AF592D}
	EndGlobalSection
EndGlobal
